<?xml version="1.0" encoding="utf-8"?>
<Project ToolsVersion="4.0" xmlns="http://schemas.microsoft.com/developer/msbuild/2003">
  <ItemGroup>
    <Filter Include="Source Files">
      <UniqueIdentifier>{4FC737F1-C7A5-4376-A066-2A32D752A2FF}</UniqueIdentifier>
      <Extensions>cpp;c;cc;cxx;c++;cppm;ixx;def;odl;idl;hpj;bat;asm;asmx</Extensions>
    </Filter>
    <Filter Include="Header Files">
      <UniqueIdentifier>{93995380-89BD-4b04-88EB-625FBE52EBFB}</UniqueIdentifier>
      <Extensions>h;hh;hpp;hxx;h++;hm;inl;inc;ipp;xsd</Extensions>
    </Filter>
    <Filter Include="Resource Files">
      <UniqueIdentifier>{67DA6AB6-F800-4c08-8B7A-83BB121AAD01}</UniqueIdentifier>
      <Extensions>rc;ico;cur;bmp;dlg;rc2;rct;bin;rgs;gif;jpg;jpeg;jpe;resx;tiff;tif;png;wav;mfcribbon-ms</Extensions>
    </Filter>
    <Filter Include="Source Files\Core">
      <UniqueIdentifier>{4867cc5e-19f8-4498-9e4c-792e3f738141}</UniqueIdentifier>
    </Filter>
    <Filter Include="Source Files\Game">
      <UniqueIdentifier>{9e6e24f1-02d9-425f-a2e2-e96453b8a960}</UniqueIdentifier>
    </Filter>
    <Filter Include="Header Files\Core">
      <UniqueIdentifier>{69c6c9e2-3088-4c93-ae8c-7ff315e4d080}</UniqueIdentifier>
    </Filter>
    <Filter Include="Header Files\Game">
      <UniqueIdentifier>{97b17406-1321-46ed-8935-f92f3fa36189}</UniqueIdentifier>
    </Filter>
  </ItemGroup>
  <ItemGroup>
    <ClInclude Include="Public\Core\GameInstance.h">
      <Filter>Header Files\Core</Filter>
    </ClInclude>
    <ClInclude Include="Public\Core\GameMode.h">
      <Filter>Header Files\Core</Filter>
    </ClInclude>
    <ClInclude Include="Public\Core\GameState.h">
      <Filter>Header Files\Core</Filter>
    </ClInclude>
    <ClInclude Include="Public\Core\Player.h">
      <Filter>Header Files\Core</Filter>
    </ClInclude>
    <ClInclude Include="Public\Core\PlayerController.h">
      <Filter>Header Files\Core</Filter>
    </ClInclude>
    <ClInclude Include="Public\Core\PlayerState.h">
      <Filter>Header Files\Core</Filter>
    </ClInclude>
    <ClInclude Include="Public\Game\Card.h">
      <Filter>Header Files\Game</Filter>
    </ClInclude>
    <ClInclude Include="Public\Game\Hand.h">
      <Filter>Header Files\Game</Filter>
    </ClInclude>
    <ClInclude Include="Public\Game\TrucoGameMode.h">
      <Filter>Header Files\Game</Filter>
    </ClInclude>
    <ClInclude Include="Public\Core\Result.h">
      <Filter>Header Files\Core</Filter>
    </ClInclude>
    <ClInclude Include="Public\Core\AIPlayerController.h">
      <Filter>Header Files\Core</Filter>
    </ClInclude>
    <ClInclude Include="Public\Core\AIPlayer.h">
      <Filter>Header Files\Core</Filter>
    </ClInclude>
    <ClInclude Include="Public\Core\AIPlayerState.h">
      <Filter>Header Files\Core</Filter>
    </ClInclude>
    <ClInclude Include="Public\Game\TrucoPlayer.h">
      <Filter>Header Files\Game</Filter>
    </ClInclude>
    <ClInclude Include="Public\Game\TrucoPlayerState.h">
      <Filter>Header Files\Game</Filter>
    </ClInclude>
    <ClInclude Include="Public\Game\Deck.h">
      <Filter>Header Files\Game</Filter>
    </ClInclude>
  </ItemGroup>
  <ItemGroup>
    <ClCompile Include="Private\Core\GameInstance.cpp">
      <Filter>Source Files\Core</Filter>
    </ClCompile>
    <ClCompile Include="Private\Core\GameMode.cpp">
      <Filter>Source Files\Core</Filter>
    </ClCompile>
    <ClCompile Include="Private\Core\GameState.cpp">
      <Filter>Source Files\Core</Filter>
    </ClCompile>
    <ClCompile Include="Private\Core\Player.cpp">
      <Filter>Source Files\Core</Filter>
    </ClCompile>
    <ClCompile Include="Private\Core\PlayerController.cpp">
      <Filter>Source Files\Core</Filter>
    </ClCompile>
    <ClCompile Include="Private\Core\PlayerState.cpp">
      <Filter>Source Files\Core</Filter>
    </ClCompile>
    <ClCompile Include="Private\Game\Card.cpp">
      <Filter>Source Files\Game</Filter>
    </ClCompile>
    <ClCompile Include="Private\Game\Hand.cpp">
      <Filter>Source Files\Game</Filter>
    </ClCompile>
    <ClCompile Include="Private\Game\TrucoGameMode.cpp">
      <Filter>Source Files\Game</Filter>
    </ClCompile>
    <ClCompile Include="Private\Core\AIPlayerController.cpp">
      <Filter>Source Files\Core</Filter>
    </ClCompile>
    <ClCompile Include="Private\Core\AIPlayer.cpp">
      <Filter>Source Files\Core</Filter>
    </ClCompile>
    <ClCompile Include="Private\Core\AIPlayerState.cpp">
      <Filter>Source Files\Core</Filter>
    </ClCompile>
    <ClCompile Include="Private\Game\TrucoPlayer.cpp">
      <Filter>Source Files\Game</Filter>
    </ClCompile>
    <ClCompile Include="Private\Game\TrucoPlayerState.cpp">
      <Filter>Source Files\Game</Filter>
    </ClCompile>
    <ClCompile Include="Private\Game\Deck.cpp">
      <Filter>Source Files\Game</Filter>
    </ClCompile>
  </ItemGroup>
</Project>